
Microsoft Visual Studio Solution File, Format Version 12.00
# Visual Studio Version 17
VisualStudioVersion = 17.0.31903.59
MinimumVisualStudioVersion = 10.0.40219.1
Project("{2150E333-8FDC-42A3-9474-1A3956D46DE8}") = "src", "src", "{7E0EA1B2-99AC-49B0-8EB3-48B14016DB3C}"
EndProject
Project("{FAE04EC0-301F-11D3-BF4B-00C04F79EFBC}") = "Library", "src\Library\Library.csproj", "{ED5A7C19-FC5C-4265-A4C1-882C7F869572}"
EndProject
Project("{FAE04EC0-301F-11D3-BF4B-00C04F79EFBC}") = "Program", "src\Program\Program.csproj", "{618C9D13-7D6C-453D-81BD-29442A106591}"
EndProject
Project("{2150E333-8FDC-42A3-9474-1A3956D46DE8}") = "test", "test", "{37F79FF9-63B0-452E-BB87-4FCF6B2CA840}"
EndProject
Project("{FAE04EC0-301F-11D3-BF4B-00C04F79EFBC}") = "libraryTests", "test\LibraryTests\libraryTests.csproj", "{FEA1DC8E-C064-49A8-ABFB-73042401FA6B}"
EndProject
Global
	GlobalSection(SolutionConfigurationPlatforms) = preSolution
		Debug|Any CPU = Debug|Any CPU
		Release|Any CPU = Release|Any CPU
	EndGlobalSection
	GlobalSection(SolutionProperties) = preSolution
		HideSolutionNode = FALSE
	EndGlobalSection
	GlobalSection(ProjectConfigurationPlatforms) = postSolution
		{ED5A7C19-FC5C-4265-A4C1-882C7F869572}.Debug|Any CPU.ActiveCfg = Debug|Any CPU
		{ED5A7C19-FC5C-4265-A4C1-882C7F869572}.Debug|Any CPU.Build.0 = Debug|Any CPU
		{ED5A7C19-FC5C-4265-A4C1-882C7F869572}.Release|Any CPU.ActiveCfg = Release|Any CPU
		{ED5A7C19-FC5C-4265-A4C1-882C7F869572}.Release|Any CPU.Build.0 = Release|Any CPU
		{618C9D13-7D6C-453D-81BD-29442A106591}.Debug|Any CPU.ActiveCfg = Debug|Any CPU
		{618C9D13-7D6C-453D-81BD-29442A106591}.Debug|Any CPU.Build.0 = Debug|Any CPU
		{618C9D13-7D6C-453D-81BD-29442A106591}.Release|Any CPU.ActiveCfg = Release|Any CPU
		{618C9D13-7D6C-453D-81BD-29442A106591}.Release|Any CPU.Build.0 = Release|Any CPU
		{FEA1DC8E-C064-49A8-ABFB-73042401FA6B}.Debug|Any CPU.ActiveCfg = Debug|Any CPU
		{FEA1DC8E-C064-49A8-ABFB-73042401FA6B}.Debug|Any CPU.Build.0 = Debug|Any CPU
		{FEA1DC8E-C064-49A8-ABFB-73042401FA6B}.Release|Any CPU.ActiveCfg = Release|Any CPU
		{FEA1DC8E-C064-49A8-ABFB-73042401FA6B}.Release|Any CPU.Build.0 = Release|Any CPU
	EndGlobalSection
	GlobalSection(NestedProjects) = preSolution
		{ED5A7C19-FC5C-4265-A4C1-882C7F869572} = {7E0EA1B2-99AC-49B0-8EB3-48B14016DB3C}
		{618C9D13-7D6C-453D-81BD-29442A106591} = {7E0EA1B2-99AC-49B0-8EB3-48B14016DB3C}
		{FEA1DC8E-C064-49A8-ABFB-73042401FA6B} = {37F79FF9-63B0-452E-BB87-4FCF6B2CA840}
	EndGlobalSection
EndGlobal
